// !$*UTF8*$!
{
	archiveVersion = 1;
	classes = {
	};
	objectVersion = 56;
	objects = {

/* Begin PBXBuildFile section */
		AE1CA5192C2DD49C005A4038 /* DemoTaskListApp.swift in Sources */ = {isa = PBXBuildFile; fileRef = AE1CA5182C2DD49C005A4038 /* DemoTaskListApp.swift */; };
		AE1CA51B2C2DD49C005A4038 /* ContentView.swift in Sources */ = {isa = PBXBuildFile; fileRef = AE1CA51A2C2DD49C005A4038 /* ContentView.swift */; };
		AE1CA51D2C2DD49D005A4038 /* Assets.xcassets in Resources */ = {isa = PBXBuildFile; fileRef = AE1CA51C2C2DD49D005A4038 /* Assets.xcassets */; };
		AE1CA5212C2DD49D005A4038 /* Preview Assets.xcassets in Resources */ = {isa = PBXBuildFile; fileRef = AE1CA5202C2DD49D005A4038 /* Preview Assets.xcassets */; };
		AE1CA52B2C2DD49D005A4038 /* DemoTaskListTests.swift in Sources */ = {isa = PBXBuildFile; fileRef = AE1CA52A2C2DD49D005A4038 /* DemoTaskListTests.swift */; };
		AE1CA5352C2DD49D005A4038 /* DemoTaskListUITests.swift in Sources */ = {isa = PBXBuildFile; fileRef = AE1CA5342C2DD49D005A4038 /* DemoTaskListUITests.swift */; };
		AE1CA5372C2DD49D005A4038 /* DemoTaskListUITestsLaunchTests.swift in Sources */ = {isa = PBXBuildFile; fileRef = AE1CA5362C2DD49D005A4038 /* DemoTaskListUITestsLaunchTests.swift */; };
/* End PBXBuildFile section */

/* Begin PBXContainerItemProxy section */
		AE1CA5272C2DD49D005A4038 /* PBXContainerItemProxy */ = {
			isa = PBXContainerItemProxy;
			containerPortal = AE1CA50D2C2DD49C005A4038 /* Project object */;
			proxyType = 1;
			remoteGlobalIDString = AE1CA5142C2DD49C005A4038;
			remoteInfo = DemoTaskList;
		};
		AE1CA5312C2DD49D005A4038 /* PBXContainerItemProxy */ = {
			isa = PBXContainerItemProxy;
			containerPortal = AE1CA50D2C2DD49C005A4038 /* Project object */;
			proxyType = 1;
			remoteGlobalIDString = AE1CA5142C2DD49C005A4038;
			remoteInfo = DemoTaskList;
		};
/* End PBXContainerItemProxy section */

/* Begin PBXFileReference section */
		AE1CA5152C2DD49C005A4038 /* DemoTaskList.app */ = {isa = PBXFileReference; explicitFileType = wrapper.application; includeInIndex = 0; path = DemoTaskList.app; sourceTree = BUILT_PRODUCTS_DIR; };
		AE1CA5182C2DD49C005A4038 /* DemoTaskListApp.swift */ = {isa = PBXFileReference; lastKnownFileType = sourcecode.swift; path = DemoTaskListApp.swift; sourceTree = "<group>"; };
		AE1CA51A2C2DD49C005A4038 /* ContentView.swift */ = {isa = PBXFileReference; lastKnownFileType = sourcecode.swift; path = ContentView.swift; sourceTree = "<group>"; };
		AE1CA51C2C2DD49D005A4038 /* Assets.xcassets */ = {isa = PBXFileReference; lastKnownFileType = folder.assetcatalog; path = Assets.xcassets; sourceTree = "<group>"; };
		AE1CA51E2C2DD49D005A4038 /* DemoTaskList.entitlements */ = {isa = PBXFileReference; lastKnownFileType = text.plist.entitlements; path = DemoTaskList.entitlements; sourceTree = "<group>"; };
		AE1CA5202C2DD49D005A4038 /* Preview Assets.xcassets */ = {isa = PBXFileReference; lastKnownFileType = folder.assetcatalog; path = "Preview Assets.xcassets"; sourceTree = "<group>"; };
		AE1CA5262C2DD49D005A4038 /* DemoTaskListTests.xctest */ = {isa = PBXFileReference; explicitFileType = wrapper.cfbundle; includeInIndex = 0; path = DemoTaskListTests.xctest; sourceTree = BUILT_PRODUCTS_DIR; };
		AE1CA52A2C2DD49D005A4038 /* DemoTaskListTests.swift */ = {isa = PBXFileReference; lastKnownFileType = sourcecode.swift; path = DemoTaskListTests.swift; sourceTree = "<group>"; };
		AE1CA5302C2DD49D005A4038 /* DemoTaskListUITests.xctest */ = {isa = PBXFileReference; explicitFileType = wrapper.cfbundle; includeInIndex = 0; path = DemoTaskListUITests.xctest; sourceTree = BUILT_PRODUCTS_DIR; };
		AE1CA5342C2DD49D005A4038 /* DemoTaskListUITests.swift */ = {isa = PBXFileReference; lastKnownFileType = sourcecode.swift; path = DemoTaskListUITests.swift; sourceTree = "<group>"; };
		AE1CA5362C2DD49D005A4038 /* DemoTaskListUITestsLaunchTests.swift */ = {isa = PBXFileReference; lastKnownFileType = sourcecode.swift; path = DemoTaskListUITestsLaunchTests.swift; sourceTree = "<group>"; };
/* End PBXFileReference section */

/* Begin PBXFrameworksBuildPhase section */
		AE1CA5122C2DD49C005A4038 /* Frameworks */ = {
			isa = PBXFrameworksBuildPhase;
			buildActionMask = 2147483647;
			files = (
			);
			runOnlyForDeploymentPostprocessing = 0;
		};
		AE1CA5232C2DD49D005A4038 /* Frameworks */ = {
			isa = PBXFrameworksBuildPhase;
			buildActionMask = 2147483647;
			files = (
			);
			runOnlyForDeploymentPostprocessing = 0;
		};
		AE1CA52D2C2DD49D005A4038 /* Frameworks */ = {
			isa = PBXFrameworksBuildPhase;
			buildActionMask = 2147483647;
			files = (
			);
			runOnlyForDeploymentPostprocessing = 0;
		};
/* End PBXFrameworksBuildPhase section */

/* Begin PBXGroup section */
		AE1CA50C2C2DD49C005A4038 = {
			isa = PBXGroup;
			children = (
				AE1CA5172C2DD49C005A4038 /* DemoTaskList */,
				AE1CA5292C2DD49D005A4038 /* DemoTaskListTests */,
				AE1CA5332C2DD49D005A4038 /* DemoTaskListUITests */,
				AE1CA5162C2DD49C005A4038 /* Products */,
			);
			sourceTree = "<group>";
		};
		AE1CA5162C2DD49C005A4038 /* Products */ = {
			isa = PBXGroup;
			children = (
				AE1CA5152C2DD49C005A4038 /* DemoTaskList.app */,
				AE1CA5262C2DD49D005A4038 /* DemoTaskListTests.xctest */,
				AE1CA5302C2DD49D005A4038 /* DemoTaskListUITests.xctest */,
			);
			name = Products;
			sourceTree = "<group>";
		};
		AE1CA5172C2DD49C005A4038 /* DemoTaskList */ = {
			isa = PBXGroup;
			children = (
				AE1CA5182C2DD49C005A4038 /* DemoTaskListApp.swift */,
				AE1CA51A2C2DD49C005A4038 /* ContentView.swift */,
				AE1CA51C2C2DD49D005A4038 /* Assets.xcassets */,
				AE1CA51E2C2DD49D005A4038 /* DemoTaskList.entitlements */,
				AE1CA51F2C2DD49D005A4038 /* Preview Content */,
			);
			path = DemoTaskList;
			sourceTree = "<group>";
		};
		AE1CA51F2C2DD49D005A4038 /* Preview Content */ = {
			isa = PBXGroup;
			children = (
				AE1CA5202C2DD49D005A4038 /* Preview Assets.xcassets */,
			);
			path = "Preview Content";
			sourceTree = "<group>";
		};
		AE1CA5292C2DD49D005A4038 /* DemoTaskListTests */ = {
			isa = PBXGroup;
			children = (
				AE1CA52A2C2DD49D005A4038 /* DemoTaskListTests.swift */,
			);
			path = DemoTaskListTests;
			sourceTree = "<group>";
		};
		AE1CA5332C2DD49D005A4038 /* DemoTaskListUITests */ = {
			isa = PBXGroup;
			children = (
				AE1CA5342C2DD49D005A4038 /* DemoTaskListUITests.swift */,
				AE1CA5362C2DD49D005A4038 /* DemoTaskListUITestsLaunchTests.swift */,
			);
			path = DemoTaskListUITests;
			sourceTree = "<group>";
		};
/* End PBXGroup section */

/* Begin PBXNativeTarget section */
		AE1CA5142C2DD49C005A4038 /* DemoTaskList */ = {
			isa = PBXNativeTarget;
			buildConfigurationList = AE1CA53A2C2DD49D005A4038 /* Build configuration list for PBXNativeTarget "DemoTaskList" */;
			buildPhases = (
				AE1CA5112C2DD49C005A4038 /* Sources */,
				AE1CA5122C2DD49C005A4038 /* Frameworks */,
				AE1CA5132C2DD49C005A4038 /* Resources */,
			);
			buildRules = (
			);
			dependencies = (
			);
			name = DemoTaskList;
			productName = DemoTaskList;
			productReference = AE1CA5152C2DD49C005A4038 /* DemoTaskList.app */;
			productType = "com.apple.product-type.application";
		};
		AE1CA5252C2DD49D005A4038 /* DemoTaskListTests */ = {
			isa = PBXNativeTarget;
			buildConfigurationList = AE1CA53D2C2DD49D005A4038 /* Build configuration list for PBXNativeTarget "DemoTaskListTests" */;
			buildPhases = (
				AE1CA5222C2DD49D005A4038 /* Sources */,
				AE1CA5232C2DD49D005A4038 /* Frameworks */,
				AE1CA5242C2DD49D005A4038 /* Resources */,
			);
			buildRules = (
			);
			dependencies = (
				AE1CA5282C2DD49D005A4038 /* PBXTargetDependency */,
			);
			name = DemoTaskListTests;
			productName = DemoTaskListTests;
			productReference = AE1CA5262C2DD49D005A4038 /* DemoTaskListTests.xctest */;
			productType = "com.apple.product-type.bundle.unit-test";
		};
		AE1CA52F2C2DD49D005A4038 /* DemoTaskListUITests */ = {
			isa = PBXNativeTarget;
			buildConfigurationList = AE1CA5402C2DD49D005A4038 /* Build configuration list for PBXNativeTarget "DemoTaskListUITests" */;
			buildPhases = (
				AE1CA52C2C2DD49D005A4038 /* Sources */,
				AE1CA52D2C2DD49D005A4038 /* Frameworks */,
				AE1CA52E2C2DD49D005A4038 /* Resources */,
			);
			buildRules = (
			);
			dependencies = (
				AE1CA5322C2DD49D005A4038 /* PBXTargetDependency */,
			);
			name = DemoTaskListUITests;
			productName = DemoTaskListUITests;
			productReference = AE1CA5302C2DD49D005A4038 /* DemoTaskListUITests.xctest */;
			productType = "com.apple.product-type.bundle.ui-testing";
		};
/* End PBXNativeTarget section */

/* Begin PBXProject section */
		AE1CA50D2C2DD49C005A4038 /* Project object */ = {
			isa = PBXProject;
			attributes = {
				BuildIndependentTargetsInParallel = 1;
				LastSwiftUpdateCheck = 1520;
				LastUpgradeCheck = 1520;
				TargetAttributes = {
					AE1CA5142C2DD49C005A4038 = {
						CreatedOnToolsVersion = 15.2;
					};
					AE1CA5252C2DD49D005A4038 = {
						CreatedOnToolsVersion = 15.2;
						TestTargetID = AE1CA5142C2DD49C005A4038;
					};
					AE1CA52F2C2DD49D005A4038 = {
						CreatedOnToolsVersion = 15.2;
						TestTargetID = AE1CA5142C2DD49C005A4038;
					};
				};
			};
			buildConfigurationList = AE1CA5102C2DD49C005A4038 /* Build configuration list for PBXProject "DemoTaskList" */;
			compatibilityVersion = "Xcode 14.0";
			developmentRegion = en;
			hasScannedForEncodings = 0;
			knownRegions = (
				en,
				Base,
			);
			mainGroup = AE1CA50C2C2DD49C005A4038;
			productRefGroup = AE1CA5162C2DD49C005A4038 /* Products */;
			projectDirPath = "";
			projectRoot = "";
			targets = (
				AE1CA5142C2DD49C005A4038 /* DemoTaskList */,
				AE1CA5252C2DD49D005A4038 /* DemoTaskListTests */,
				AE1CA52F2C2DD49D005A4038 /* DemoTaskListUITests */,
			);
		};
/* End PBXProject section */

/* Begin PBXResourcesBuildPhase section */
		AE1CA5132C2DD49C005A4038 /* Resources */ = {
			isa = PBXResourcesBuildPhase;
			buildActionMask = 2147483647;
			files = (
				AE1CA5212C2DD49D005A4038 /* Preview Assets.xcassets in Resources */,
				AE1CA51D2C2DD49D005A4038 /* Assets.xcassets in Resources */,
			);
			runOnlyForDeploymentPostprocessing = 0;
		};
		AE1CA5242C2DD49D005A4038 /* Resources */ = {
			isa = PBXResourcesBuildPhase;
			buildActionMask = 2147483647;
			files = (
			);
			runOnlyForDeploymentPostprocessing = 0;
		};
		AE1CA52E2C2DD49D005A4038 /* Resources */ = {
			isa = PBXResourcesBuildPhase;
			buildActionMask = 2147483647;
			files = (
			);
			runOnlyForDeploymentPostprocessing = 0;
		};
/* End PBXResourcesBuildPhase section */

/* Begin PBXSourcesBuildPhase section */
		AE1CA5112C2DD49C005A4038 /* Sources */ = {
			isa = PBXSourcesBuildPhase;
			buildActionMask = 2147483647;
			files = (
				AE1CA51B2C2DD49C005A4038 /* ContentView.swift in Sources */,
				AE1CA5192C2DD49C005A4038 /* DemoTaskListApp.swift in Sources */,
			);
			runOnlyForDeploymentPostprocessing = 0;
		};
		AE1CA5222C2DD49D005A4038 /* Sources */ = {
			isa = PBXSourcesBuildPhase;
			buildActionMask = 2147483647;
			files = (
				AE1CA52B2C2DD49D005A4038 /* DemoTaskListTests.swift in Sources */,
			);
			runOnlyForDeploymentPostprocessing = 0;
		};
		AE1CA52C2C2DD49D005A4038 /* Sources */ = {
			isa = PBXSourcesBuildPhase;
			buildActionMask = 2147483647;
			files = (
				AE1CA5372C2DD49D005A4038 /* DemoTaskListUITestsLaunchTests.swift in Sources */,
				AE1CA5352C2DD49D005A4038 /* DemoTaskListUITests.swift in Sources */,
			);
			runOnlyForDeploymentPostprocessing = 0;
		};
/* End PBXSourcesBuildPhase section */

/* Begin PBXTargetDependency section */
		AE1CA5282C2DD49D005A4038 /* PBXTargetDependency */ = {
			isa = PBXTargetDependency;
			target = AE1CA5142C2DD49C005A4038 /* DemoTaskList */;
			targetProxy = AE1CA5272C2DD49D005A4038 /* PBXContainerItemProxy */;
		};
		AE1CA5322C2DD49D005A4038 /* PBXTargetDependency */ = {
			isa = PBXTargetDependency;
			target = AE1CA5142C2DD49C005A4038 /* DemoTaskList */;
			targetProxy = AE1CA5312C2DD49D005A4038 /* PBXContainerItemProxy */;
		};
/* End PBXTargetDependency section */

/* Begin XCBuildConfiguration section */
		AE1CA5382C2DD49D005A4038 /* Debug */ = {
			isa = XCBuildConfiguration;
			buildSettings = {
				ALWAYS_SEARCH_USER_PATHS = NO;
				ASSETCATALOG_COMPILER_GENERATE_SWIFT_ASSET_SYMBOL_EXTENSIONS = YES;
				CLANG_ANALYZER_NONNULL = YES;
				CLANG_ANALYZER_NUMBER_OBJECT_CONVERSION = YES_AGGRESSIVE;
				CLANG_CXX_LANGUAGE_STANDARD = "gnu++20";
				CLANG_ENABLE_MODULES = YES;
				CLANG_ENABLE_OBJC_ARC = YES;
				CLANG_ENABLE_OBJC_WEAK = YES;
				CLANG_WARN_BLOCK_CAPTURE_AUTORELEASING = YES;
				CLANG_WARN_BOOL_CONVERSION = YES;
				CLANG_WARN_COMMA = YES;
				CLANG_WARN_CONSTANT_CONVERSION = YES;
				CLANG_WARN_DEPRECATED_OBJC_IMPLEMENTATIONS = YES;
				CLANG_WARN_DIRECT_OBJC_ISA_USAGE = YES_ERROR;
				CLANG_WARN_DOCUMENTATION_COMMENTS = YES;
				CLANG_WARN_EMPTY_BODY = YES;
				CLANG_WARN_ENUM_CONVERSION = YES;
				CLANG_WARN_INFINITE_RECURSION = YES;
				CLANG_WARN_INT_CONVERSION = YES;
				CLANG_WARN_NON_LITERAL_NULL_CONVERSION = YES;
				CLANG_WARN_OBJC_IMPLICIT_RETAIN_SELF = YES;
				CLANG_WARN_OBJC_LITERAL_CONVERSION = YES;
				CLANG_WARN_OBJC_ROOT_CLASS = YES_ERROR;
				CLANG_WARN_QUOTED_INCLUDE_IN_FRAMEWORK_HEADER = YES;
				CLANG_WARN_RANGE_LOOP_ANALYSIS = YES;
				CLANG_WARN_STRICT_PROTOTYPES = YES;
				CLANG_WARN_SUSPICIOUS_MOVE = YES;
				CLANG_WARN_UNGUARDED_AVAILABILITY = YES_AGGRESSIVE;
				CLANG_WARN_UNREACHABLE_CODE = YES;
				CLANG_WARN__DUPLICATE_METHOD_MATCH = YES;
				COPY_PHASE_STRIP = NO;
				DEBUG_INFORMATION_FORMAT = dwarf;
				ENABLE_STRICT_OBJC_MSGSEND = YES;
				ENABLE_TESTABILITY = YES;
				ENABLE_USER_SCRIPT_SANDBOXING = YES;
				GCC_C_LANGUAGE_STANDARD = gnu17;
				GCC_DYNAMIC_NO_PIC = NO;
				GCC_NO_COMMON_BLOCKS = YES;
				GCC_OPTIMIZATION_LEVEL = 0;
				GCC_PREPROCESSOR_DEFINITIONS = (
					"DEBUG=1",
					"$(inherited)",
				);
				GCC_WARN_64_TO_32_BIT_CONVERSION = YES;
				GCC_WARN_ABOUT_RETURN_TYPE = YES_ERROR;
				GCC_WARN_UNDECLARED_SELECTOR = YES;
				GCC_WARN_UNINITIALIZED_AUTOS = YES_AGGRESSIVE;
				GCC_WARN_UNUSED_FUNCTION = YES;
				GCC_WARN_UNUSED_VARIABLE = YES;
				LOCALIZATION_PREFERS_STRING_CATALOGS = YES;
				MTL_ENABLE_DEBUG_INFO = INCLUDE_SOURCE;
				MTL_FAST_MATH = YES;
				ONLY_ACTIVE_ARCH = YES;
				SWIFT_ACTIVE_COMPILATION_CONDITIONS = "DEBUG $(inherited)";
				SWIFT_OPTIMIZATION_LEVEL = "-Onone";
			};
			name = Debug;
		};
		AE1CA5392C2DD49D005A4038 /* Release */ = {
			isa = XCBuildConfiguration;
			buildSettings = {
				ALWAYS_SEARCH_USER_PATHS = NO;
				ASSETCATALOG_COMPILER_GENERATE_SWIFT_ASSET_SYMBOL_EXTENSIONS = YES;
				CLANG_ANALYZER_NONNULL = YES;
				CLANG_ANALYZER_NUMBER_OBJECT_CONVERSION = YES_AGGRESSIVE;
				CLANG_CXX_LANGUAGE_STANDARD = "gnu++20";
				CLANG_ENABLE_MODULES = YES;
				CLANG_ENABLE_OBJC_ARC = YES;
				CLANG_ENABLE_OBJC_WEAK = YES;
				CLANG_WARN_BLOCK_CAPTURE_AUTORELEASING = YES;
				CLANG_WARN_BOOL_CONVERSION = YES;
				CLANG_WARN_COMMA = YES;
				CLANG_WARN_CONSTANT_CONVERSION = YES;
				CLANG_WARN_DEPRECATED_OBJC_IMPLEMENTATIONS = YES;
				CLANG_WARN_DIRECT_OBJC_ISA_USAGE = YES_ERROR;
				CLANG_WARN_DOCUMENTATION_COMMENTS = YES;
				CLANG_WARN_EMPTY_BODY = YES;
				CLANG_WARN_ENUM_CONVERSION = YES;
				CLANG_WARN_INFINITE_RECURSION = YES;
				CLANG_WARN_INT_CONVERSION = YES;
				CLANG_WARN_NON_LITERAL_NULL_CONVERSION = YES;
				CLANG_WARN_OBJC_IMPLICIT_RETAIN_SELF = YES;
				CLANG_WARN_OBJC_LITERAL_CONVERSION = YES;
				CLANG_WARN_OBJC_ROOT_CLASS = YES_ERROR;
				CLANG_WARN_QUOTED_INCLUDE_IN_FRAMEWORK_HEADER = YES;
				CLANG_WARN_RANGE_LOOP_ANALYSIS = YES;
				CLANG_WARN_STRICT_PROTOTYPES = YES;
				CLANG_WARN_SUSPICIOUS_MOVE = YES;
				CLANG_WARN_UNGUARDED_AVAILABILITY = YES_AGGRESSIVE;
				CLANG_WARN_UNREACHABLE_CODE = YES;
				CLANG_WARN__DUPLICATE_METHOD_MATCH = YES;
				COPY_PHASE_STRIP = NO;
				DEBUG_INFORMATION_FORMAT = "dwarf-with-dsym";
				ENABLE_NS_ASSERTIONS = NO;
				ENABLE_STRICT_OBJC_MSGSEND = YES;
				ENABLE_USER_SCRIPT_SANDBOXING = YES;
				GCC_C_LANGUAGE_STANDARD = gnu17;
				GCC_NO_COMMON_BLOCKS = YES;
				GCC_WARN_64_TO_32_BIT_CONVERSION = YES;
				GCC_WARN_ABOUT_RETURN_TYPE = YES_ERROR;
				GCC_WARN_UNDECLARED_SELECTOR = YES;
				GCC_WARN_UNINITIALIZED_AUTOS = YES_AGGRESSIVE;
				GCC_WARN_UNUSED_FUNCTION = YES;
				GCC_WARN_UNUSED_VARIABLE = YES;
				LOCALIZATION_PREFERS_STRING_CATALOGS = YES;
				MTL_ENABLE_DEBUG_INFO = NO;
				MTL_FAST_MATH = YES;
				SWIFT_COMPILATION_MODE = wholemodule;
			};
			name = Release;
		};
		AE1CA53B2C2DD49D005A4038 /* Debug */ = {
			isa = XCBuildConfiguration;
			buildSettings = {
				ASSETCATALOG_COMPILER_APPICON_NAME = AppIcon;
				ASSETCATALOG_COMPILER_GLOBAL_ACCENT_COLOR_NAME = AccentColor;
				CODE_SIGN_ENTITLEMENTS = DemoTaskList/DemoTaskList.entitlements;
				CODE_SIGN_STYLE = Automatic;
				CURRENT_PROJECT_VERSION = 1;
				DEVELOPMENT_ASSET_PATHS = "\"DemoTaskList/Preview Content\"";
				DEVELOPMENT_TEAM = Y9W72UR842;
				ENABLE_HARDENED_RUNTIME = YES;
				ENABLE_PREVIEWS = YES;
				GENERATE_INFOPLIST_FILE = YES;
				"INFOPLIST_KEY_UIApplicationSceneManifest_Generation[sdk=iphoneos*]" = YES;
				"INFOPLIST_KEY_UIApplicationSceneManifest_Generation[sdk=iphonesimulator*]" = YES;
				"INFOPLIST_KEY_UIApplicationSupportsIndirectInputEvents[sdk=iphoneos*]" = YES;
				"INFOPLIST_KEY_UIApplicationSupportsIndirectInputEvents[sdk=iphonesimulator*]" = YES;
				"INFOPLIST_KEY_UILaunchScreen_Generation[sdk=iphoneos*]" = YES;
				"INFOPLIST_KEY_UILaunchScreen_Generation[sdk=iphonesimulator*]" = YES;
				"INFOPLIST_KEY_UIStatusBarStyle[sdk=iphoneos*]" = UIStatusBarStyleDefault;
				"INFOPLIST_KEY_UIStatusBarStyle[sdk=iphonesimulator*]" = UIStatusBarStyleDefault;
				INFOPLIST_KEY_UISupportedInterfaceOrientations_iPad = "UIInterfaceOrientationPortrait UIInterfaceOrientationPortraitUpsideDown UIInterfaceOrientationLandscapeLeft UIInterfaceOrientationLandscapeRight";
				INFOPLIST_KEY_UISupportedInterfaceOrientations_iPhone = "UIInterfaceOrientationPortrait UIInterfaceOrientationLandscapeLeft UIInterfaceOrientationLandscapeRight";
				IPHONEOS_DEPLOYMENT_TARGET = 17.2;
				LD_RUNPATH_SEARCH_PATHS = "@executable_path/Frameworks";
				"LD_RUNPATH_SEARCH_PATHS[sdk=macosx*]" = "@executable_path/../Frameworks";
				MACOSX_DEPLOYMENT_TARGET = 13.6;
				MARKETING_VERSION = 1.0;
				PRODUCT_BUNDLE_IDENTIFIER = tech.glacio.DemoTaskList;
				PRODUCT_NAME = "$(TARGET_NAME)";
				SDKROOT = auto;
				SUPPORTED_PLATFORMS = "iphoneos iphonesimulator macosx";
				SWIFT_EMIT_LOC_STRINGS = YES;
				SWIFT_VERSION = 5.0;
				TARGETED_DEVICE_FAMILY = "1,2";
			};
			name = Debug;
		};
		AE1CA53C2C2DD49D005A4038 /* Release */ = {
			isa = XCBuildConfiguration;
			buildSettings = {
				ASSETCATALOG_COMPILER_APPICON_NAME = AppIcon;
				ASSETCATALOG_COMPILER_GLOBAL_ACCENT_COLOR_NAME = AccentColor;
				CODE_SIGN_ENTITLEMENTS = DemoTaskList/DemoTaskList.entitlements;
				CODE_SIGN_STYLE = Automatic;
				CURRENT_PROJECT_VERSION = 1;
				DEVELOPMENT_ASSET_PATHS = "\"DemoTaskList/Preview Content\"";
				DEVELOPMENT_TEAM = Y9W72UR842;
				ENABLE_HARDENED_RUNTIME = YES;
				ENABLE_PREVIEWS = YES;
				GENERATE_INFOPLIST_FILE = YES;
				"INFOPLIST_KEY_UIApplicationSceneManifest_Generation[sdk=iphoneos*]" = YES;
				"INFOPLIST_KEY_UIApplicationSceneManifest_Generation[sdk=iphonesimulator*]" = YES;
				"INFOPLIST_KEY_UIApplicationSupportsIndirectInputEvents[sdk=iphoneos*]" = YES;
				"INFOPLIST_KEY_UIApplicationSupportsIndirectInputEvents[sdk=iphonesimulator*]" = YES;
				"INFOPLIST_KEY_UILaunchScreen_Generation[sdk=iphoneos*]" = YES;
				"INFOPLIST_KEY_UILaunchScreen_Generation[sdk=iphonesimulator*]" = YES;
				"INFOPLIST_KEY_UIStatusBarStyle[sdk=iphoneos*]" = UIStatusBarStyleDefault;
				"INFOPLIST_KEY_UIStatusBarStyle[sdk=iphonesimulator*]" = UIStatusBarStyleDefault;
				INFOPLIST_KEY_UISupportedInterfaceOrientations_iPad = "UIInterfaceOrientationPortrait UIInterfaceOrientationPortraitUpsideDown UIInterfaceOrientationLandscapeLeft UIInterfaceOrientationLandscapeRight";
				INFOPLIST_KEY_UISupportedInterfaceOrientations_iPhone = "UIInterfaceOrientationPortrait UIInterfaceOrientationLandscapeLeft UIInterfaceOrientationLandscapeRight";
				IPHONEOS_DEPLOYMENT_TARGET = 17.2;
				LD_RUNPATH_SEARCH_PATHS = "@executable_path/Frameworks";
				"LD_RUNPATH_SEARCH_PATHS[sdk=macosx*]" = "@executable_path/../Frameworks";
				MACOSX_DEPLOYMENT_TARGET = 13.6;
				MARKETING_VERSION = 1.0;
				PRODUCT_BUNDLE_IDENTIFIER = tech.glacio.DemoTaskList;
				PRODUCT_NAME = "$(TARGET_NAME)";
				SDKROOT = auto;
				SUPPORTED_PLATFORMS = "iphoneos iphonesimulator macosx";
				SWIFT_EMIT_LOC_STRINGS = YES;
				SWIFT_VERSION = 5.0;
				TARGETED_DEVICE_FAMILY = "1,2";
			};
			name = Release;
		};
		AE1CA53E2C2DD49D005A4038 /* Debug */ = {
			isa = XCBuildConfiguration;
			buildSettings = {
				ALWAYS_EMBED_SWIFT_STANDARD_LIBRARIES = YES;
				BUNDLE_LOADER = "$(TEST_HOST)";
				CODE_SIGN_STYLE = Automatic;
				CURRENT_PROJECT_VERSION = 1;
				DEVELOPMENT_TEAM = Y9W72UR842;
				GENERATE_INFOPLIST_FILE = YES;
				IPHONEOS_DEPLOYMENT_TARGET = 17.2;
				MACOSX_DEPLOYMENT_TARGET = 13.6;
				MARKETING_VERSION = 1.0;
				PRODUCT_BUNDLE_IDENTIFIER = tech.glacio.DemoTaskListTests;
				PRODUCT_NAME = "$(TARGET_NAME)";
				SDKROOT = auto;
				SUPPORTED_PLATFORMS = "iphoneos iphonesimulator macosx";
				SWIFT_EMIT_LOC_STRINGS = NO;
				SWIFT_VERSION = 5.0;
				TARGETED_DEVICE_FAMILY = "1,2";
				TEST_HOST = "$(BUILT_PRODUCTS_DIR)/DemoTaskList.app/$(BUNDLE_EXECUTABLE_FOLDER_PATH)/DemoTaskList";
			};
			name = Debug;
		};
		AE1CA53F2C2DD49D005A4038 /* Release */ = {
			isa = XCBuildConfiguration;
			buildSettings = {
				ALWAYS_EMBED_SWIFT_STANDARD_LIBRARIES = YES;
				BUNDLE_LOADER = "$(TEST_HOST)";
				CODE_SIGN_STYLE = Automatic;
				CURRENT_PROJECT_VERSION = 1;
				DEVELOPMENT_TEAM = Y9W72UR842;
				GENERATE_INFOPLIST_FILE = YES;
				IPHONEOS_DEPLOYMENT_TARGET = 17.2;
				MACOSX_DEPLOYMENT_TARGET = 13.6;
				MARKETING_VERSION = 1.0;
				PRODUCT_BUNDLE_IDENTIFIER = tech.glacio.DemoTaskListTests;
				PRODUCT_NAME = "$(TARGET_NAME)";
				SDKROOT = auto;
				SUPPORTED_PLATFORMS = "iphoneos iphonesimulator macosx";
				SWIFT_EMIT_LOC_STRINGS = NO;
				SWIFT_VERSION = 5.0;
				TARGETED_DEVICE_FAMILY = "1,2";
				TEST_HOST = "$(BUILT_PRODUCTS_DIR)/DemoTaskList.app/$(BUNDLE_EXECUTABLE_FOLDER_PATH)/DemoTaskList";
			};
			name = Release;
		};
		AE1CA5412C2DD49D005A4038 /* Debug */ = {
			isa = XCBuildConfiguration;
			buildSettings = {
				ALWAYS_EMBED_SWIFT_STANDARD_LIBRARIES = YES;
				CODE_SIGN_STYLE = Automatic;
				CURRENT_PROJECT_VERSION = 1;
				DEVELOPMENT_TEAM = Y9W72UR842;
				GENERATE_INFOPLIST_FILE = YES;
				IPHONEOS_DEPLOYMENT_TARGET = 17.2;
				MACOSX_DEPLOYMENT_TARGET = 13.6;
				MARKETING_VERSION = 1.0;
				PRODUCT_BUNDLE_IDENTIFIER = tech.glacio.DemoTaskListUITests;
				PRODUCT_NAME = "$(TARGET_NAME)";
				SDKROOT = auto;
				SUPPORTED_PLATFORMS = "iphoneos iphonesimulator macosx";
				SWIFT_EMIT_LOC_STRINGS = NO;
				SWIFT_VERSION = 5.0;
				TARGETED_DEVICE_FAMILY = "1,2";
				TEST_TARGET_NAME = DemoTaskList;
			};
			name = Debug;
		};
		AE1CA5422C2DD49D005A4038 /* Release */ = {
			isa = XCBuildConfiguration;
			buildSettings = {
				ALWAYS_EMBED_SWIFT_STANDARD_LIBRARIES = YES;
				CODE_SIGN_STYLE = Automatic;
				CURRENT_PROJECT_VERSION = 1;
				DEVELOPMENT_TEAM = Y9W72UR842;
				GENERATE_INFOPLIST_FILE = YES;
				IPHONEOS_DEPLOYMENT_TARGET = 17.2;
				MACOSX_DEPLOYMENT_TARGET = 13.6;
				MARKETING_VERSION = 1.0;
				PRODUCT_BUNDLE_IDENTIFIER = tech.glacio.DemoTaskListUITests;
				PRODUCT_NAME = "$(TARGET_NAME)";
				SDKROOT = auto;
				SUPPORTED_PLATFORMS = "iphoneos iphonesimulator macosx";
				SWIFT_EMIT_LOC_STRINGS = NO;
				SWIFT_VERSION = 5.0;
				TARGETED_DEVICE_FAMILY = "1,2";
				TEST_TARGET_NAME = DemoTaskList;
			};
			name = Release;
		};
/* End XCBuildConfiguration section */

/* Begin XCConfigurationList section */
		AE1CA5102C2DD49C005A4038 /* Build configuration list for PBXProject "DemoTaskList" */ = {
			isa = XCConfigurationList;
			buildConfigurations = (
				AE1CA5382C2DD49D005A4038 /* Debug */,
				AE1CA5392C2DD49D005A4038 /* Release */,
			);
			defaultConfigurationIsVisible = 0;
			defaultConfigurationName = Release;
		};
		AE1CA53A2C2DD49D005A4038 /* Build configuration list for PBXNativeTarget "DemoTaskList" */ = {
			isa = XCConfigurationList;
			buildConfigurations = (
				AE1CA53B2C2DD49D005A4038 /* Debug */,
				AE1CA53C2C2DD49D005A4038 /* Release */,
			);
			defaultConfigurationIsVisible = 0;
			defaultConfigurationName = Release;
		};
		AE1CA53D2C2DD49D005A4038 /* Build configuration list for PBXNativeTarget "DemoTaskListTests" */ = {
			isa = XCConfigurationList;
			buildConfigurations = (
				AE1CA53E2C2DD49D005A4038 /* Debug */,
				AE1CA53F2C2DD49D005A4038 /* Release */,
			);
			defaultConfigurationIsVisible = 0;
			defaultConfigurationName = Release;
		};
		AE1CA5402C2DD49D005A4038 /* Build configuration list for PBXNativeTarget "DemoTaskListUITests" */ = {
			isa = XCConfigurationList;
			buildConfigurations = (
				AE1CA5412C2DD49D005A4038 /* Debug */,
				AE1CA5422C2DD49D005A4038 /* Release */,
			);
			defaultConfigurationIsVisible = 0;
			defaultConfigurationName = Release;
		};
/* End XCConfigurationList section */
	};
	rootObject = AE1CA50D2C2DD49C005A4038 /* Project object */;
}
